
Microsoft Visual Studio Solution File, Format Version 12.00
# Visual Studio Version 17
VisualStudioVersion = 17.0.31903.59
MinimumVisualStudioVersion = 10.0.40219.1
Project("{2150E333-8FDC-42A3-9474-1A3956D46DE8}") = "src", "src", "{CE3080D3-6478-4CD4-A1D4-B526CB9DD8CA}"
EndProject
Project("{9A19103F-16F7-4668-BE54-9A1E7A4F7556}") = "BikeStores.Application", "src\BikeStores.Application\BikeStores.Application.csproj", "{69194133-E185-4A9B-A8DF-182A47671D9C}"
EndProject
Project("{9A19103F-16F7-4668-BE54-9A1E7A4F7556}") = "BikeStores.Infrastructure", "src\BikeStores.Infrastructure\BikeStores.Infrastructure.csproj", "{090451B9-2D38-434D-BE33-97B8795A5D2B}"
EndProject
Project("{9A19103F-16F7-4668-BE54-9A1E7A4F7556}") = "BikeStores.API", "src\BikeStores.API\BikeStores.API.csproj", "{AD2CC85D-C2F8-4428-9997-F4414F1AD576}"
EndProject
Project("{9A19103F-16F7-4668-BE54-9A1E7A4F7556}") = "BikeStores.Core", "src\BikeStores.Core\BikeStores.Core.csproj", "{C2617832-B10A-40D1-A04F-B34E40722254}"
EndProject
Project("{2150E333-8FDC-42A3-9474-1A3956D46DE8}") = "tests", "tests", "{4435CD03-7E7F-46F6-93E2-C53A147400A9}"
EndProject
Project("{9A19103F-16F7-4668-BE54-9A1E7A4F7556}") = "BikeStores.Core.Tests", "tests\BikeStores.Core.Tests\BikeStores.Core.Tests.csproj", "{AE094C44-6AAE-4D54-92AD-A518B8C7B931}"
EndProject
Project("{9A19103F-16F7-4668-BE54-9A1E7A4F7556}") = "BikeStores.Application.Tests", "tests\BikeStores.Application.Tests\BikeStores.Application.Tests.csproj", "{2AD96A3E-92F1-4565-9E77-2BAE42074B9C}"
EndProject
Project("{9A19103F-16F7-4668-BE54-9A1E7A4F7556}") = "BikeStores.Infrastructure.Tests", "tests\BikeStores.Infrastructure.Tests\BikeStores.Infrastructure.Tests.csproj", "{9F808BC6-3D5B-47D4-BE5D-F50F1D9A1E07}"
EndProject
Project("{9A19103F-16F7-4668-BE54-9A1E7A4F7556}") = "BikeStores.API.Tests", "tests\BikeStores.API.Tests\BikeStores.API.Tests.csproj", "{27DD7952-346C-4B95-AFC9-67C15CD9E2A6}"
EndProject
Project("{2150E333-8FDC-42A3-9474-1A3956D46DE8}") = "Solution Items", "Solution Items", "{C505E1A0-8BC1-4E51-B227-97AA8F994CB7}"
	ProjectSection(SolutionItems) = preProject
		.dockerignore = .dockerignore
		Dockerfile = Dockerfile
	EndProjectSection
EndProject
Global
	GlobalSection(SolutionConfigurationPlatforms) = preSolution
		Debug|Any CPU = Debug|Any CPU
		Release|Any CPU = Release|Any CPU
	EndGlobalSection
	GlobalSection(ProjectConfigurationPlatforms) = postSolution
		{69194133-E185-4A9B-A8DF-182A47671D9C}.Debug|Any CPU.ActiveCfg = Debug|Any CPU
		{69194133-E185-4A9B-A8DF-182A47671D9C}.Debug|Any CPU.Build.0 = Debug|Any CPU
		{69194133-E185-4A9B-A8DF-182A47671D9C}.Release|Any CPU.ActiveCfg = Release|Any CPU
		{69194133-E185-4A9B-A8DF-182A47671D9C}.Release|Any CPU.Build.0 = Release|Any CPU
		{090451B9-2D38-434D-BE33-97B8795A5D2B}.Debug|Any CPU.ActiveCfg = Debug|Any CPU
		{090451B9-2D38-434D-BE33-97B8795A5D2B}.Debug|Any CPU.Build.0 = Debug|Any CPU
		{090451B9-2D38-434D-BE33-97B8795A5D2B}.Release|Any CPU.ActiveCfg = Release|Any CPU
		{090451B9-2D38-434D-BE33-97B8795A5D2B}.Release|Any CPU.Build.0 = Release|Any CPU
		{AD2CC85D-C2F8-4428-9997-F4414F1AD576}.Debug|Any CPU.ActiveCfg = Debug|Any CPU
		{AD2CC85D-C2F8-4428-9997-F4414F1AD576}.Debug|Any CPU.Build.0 = Debug|Any CPU
		{AD2CC85D-C2F8-4428-9997-F4414F1AD576}.Release|Any CPU.ActiveCfg = Release|Any CPU
		{AD2CC85D-C2F8-4428-9997-F4414F1AD576}.Release|Any CPU.Build.0 = Release|Any CPU
		{C2617832-B10A-40D1-A04F-B34E40722254}.Debug|Any CPU.ActiveCfg = Debug|Any CPU
		{C2617832-B10A-40D1-A04F-B34E40722254}.Debug|Any CPU.Build.0 = Debug|Any CPU
		{C2617832-B10A-40D1-A04F-B34E40722254}.Release|Any CPU.ActiveCfg = Release|Any CPU
		{C2617832-B10A-40D1-A04F-B34E40722254}.Release|Any CPU.Build.0 = Release|Any CPU
		{AE094C44-6AAE-4D54-92AD-A518B8C7B931}.Debug|Any CPU.ActiveCfg = Debug|Any CPU
		{AE094C44-6AAE-4D54-92AD-A518B8C7B931}.Debug|Any CPU.Build.0 = Debug|Any CPU
		{AE094C44-6AAE-4D54-92AD-A518B8C7B931}.Release|Any CPU.ActiveCfg = Release|Any CPU
		{AE094C44-6AAE-4D54-92AD-A518B8C7B931}.Release|Any CPU.Build.0 = Release|Any CPU
		{2AD96A3E-92F1-4565-9E77-2BAE42074B9C}.Debug|Any CPU.ActiveCfg = Debug|Any CPU
		{2AD96A3E-92F1-4565-9E77-2BAE42074B9C}.Debug|Any CPU.Build.0 = Debug|Any CPU
		{2AD96A3E-92F1-4565-9E77-2BAE42074B9C}.Release|Any CPU.ActiveCfg = Release|Any CPU
		{2AD96A3E-92F1-4565-9E77-2BAE42074B9C}.Release|Any CPU.Build.0 = Release|Any CPU
		{9F808BC6-3D5B-47D4-BE5D-F50F1D9A1E07}.Debug|Any CPU.ActiveCfg = Debug|Any CPU
		{9F808BC6-3D5B-47D4-BE5D-F50F1D9A1E07}.Debug|Any CPU.Build.0 = Debug|Any CPU
		{9F808BC6-3D5B-47D4-BE5D-F50F1D9A1E07}.Release|Any CPU.ActiveCfg = Release|Any CPU
		{9F808BC6-3D5B-47D4-BE5D-F50F1D9A1E07}.Release|Any CPU.Build.0 = Release|Any CPU
		{27DD7952-346C-4B95-AFC9-67C15CD9E2A6}.Debug|Any CPU.ActiveCfg = Debug|Any CPU
		{27DD7952-346C-4B95-AFC9-67C15CD9E2A6}.Debug|Any CPU.Build.0 = Debug|Any CPU
		{27DD7952-346C-4B95-AFC9-67C15CD9E2A6}.Release|Any CPU.ActiveCfg = Release|Any CPU
		{27DD7952-346C-4B95-AFC9-67C15CD9E2A6}.Release|Any CPU.Build.0 = Release|Any CPU
	EndGlobalSection
	GlobalSection(SolutionProperties) = preSolution
		HideSolutionNode = FALSE
	EndGlobalSection
	GlobalSection(NestedProjects) = preSolution
		{69194133-E185-4A9B-A8DF-182A47671D9C} = {CE3080D3-6478-4CD4-A1D4-B526CB9DD8CA}
		{090451B9-2D38-434D-BE33-97B8795A5D2B} = {CE3080D3-6478-4CD4-A1D4-B526CB9DD8CA}
		{AD2CC85D-C2F8-4428-9997-F4414F1AD576} = {CE3080D3-6478-4CD4-A1D4-B526CB9DD8CA}
		{C2617832-B10A-40D1-A04F-B34E40722254} = {CE3080D3-6478-4CD4-A1D4-B526CB9DD8CA}
		{AE094C44-6AAE-4D54-92AD-A518B8C7B931} = {4435CD03-7E7F-46F6-93E2-C53A147400A9}
		{2AD96A3E-92F1-4565-9E77-2BAE42074B9C} = {4435CD03-7E7F-46F6-93E2-C53A147400A9}
		{9F808BC6-3D5B-47D4-BE5D-F50F1D9A1E07} = {4435CD03-7E7F-46F6-93E2-C53A147400A9}
		{27DD7952-346C-4B95-AFC9-67C15CD9E2A6} = {4435CD03-7E7F-46F6-93E2-C53A147400A9}
	EndGlobalSection
	GlobalSection(ExtensibilityGlobals) = postSolution
		SolutionGuid = {BEBB1A8F-9BF4-4CA6-AA93-9054B325106A}
	EndGlobalSection
EndGlobal
